
Microsoft Visual Studio Solution File, Format Version 12.00
# Visual Studio Version 17
VisualStudioVersion = 17.8.34322.80
MinimumVisualStudioVersion = 10.0.40219.1
Project("{FAE04EC0-301F-11D3-BF4B-00C04F79EFBC}") = "WedAPI", "WedAPI\WedAPI.csproj", "{8F5BB9D4-FC28-4790-9D0D-838D42199707}"
EndProject
Global
	GlobalSection(SolutionConfigurationPlatforms) = preSolution
		Debug|Any CPU = Debug|Any CPU
		Release|Any CPU = Release|Any CPU
	EndGlobalSection
	GlobalSection(ProjectConfigurationPlatforms) = postSolution
		{8F5BB9D4-FC28-4790-9D0D-838D42199707}.Debug|Any CPU.ActiveCfg = Debug|Any CPU
		{8F5BB9D4-FC28-4790-9D0D-838D42199707}.Debug|Any CPU.Build.0 = Debug|Any CPU
		{8F5BB9D4-FC28-4790-9D0D-838D42199707}.Release|Any CPU.ActiveCfg = Release|Any CPU
		{8F5BB9D4-FC28-4790-9D0D-838D42199707}.Release|Any CPU.Build.0 = Release|Any CPU
	EndGlobalSection
	GlobalSection(SolutionProperties) = preSolution
		HideSolutionNode = FALSE
	EndGlobalSection
	GlobalSection(ExtensibilityGlobals) = postSolution
		SolutionGuid = {F8BBD67A-2B7E-4AF0-AEFA-3DE4902E082D}
	EndGlobalSection
EndGlobal
